{
  "name": "apache-thrift-api",
  "version": "1.0.0",
  "lockfileVersion": 2,
  "requires": true,
  "packages": {
    "": {
      "name": "apache-thrift-api",
      "version": "1.0.0",
      "license": "ISC",
      "dependencies": {
        "@creditkarma/thrift-client": "^1.0.4",
        "node-int64": "^0.4.0",
        "thrift": "^0.16.0"
      },
      "devDependencies": {
        "@creditkarma/thrift-typescript": "^3.7.6",
        "@types/node-int64": "^0.4.29",
        "@types/thrift": "^0.10.11",
        "typescript": "^4.7.4"
      }
    },
    "node_modules/@creditkarma/thrift-client": {
      "version": "1.0.4",
      "resolved": "https://registry.npmjs.org/@creditkarma/thrift-client/-/thrift-client-1.0.4.tgz",
      "integrity": "sha512-CK2HarQKhzYXEKQeqYSEWdOQYcMz0o7HB7Q4c08prL0bb6EXOE0Qim5FsCvCwYkrkoEHLKSwuD795AJ48yuaNg==",
      "dependencies": {
        "@types/generic-pool": "^3.1.4",
        "generic-pool": "^3.4.2",
        "got": "^11.8.3"
      },
      "peerDependencies": {
        "@creditkarma/thrift-server-core": "^1.0.0"
      }
    },
    "node_modules/@creditkarma/thrift-parser": {
      "version": "1.2.0",
      "resolved": "https://registry.npmjs.org/@creditkarma/thrift-parser/-/thrift-parser-1.2.0.tgz",
      "integrity": "sha512-mSRxjSXvU6sBfWhMBWXl7H/XEKWHQ7x+MUDLwyeFIwwX9UaZKPOc7TgGd0N78kcZtIMk82ArdxO6aFhqnBuNtg==",
      "dev": true,
      "bin": {
        "thrift-parser": "dist/main/bin/index.js"
      }
    },
    "node_modules/@creditkarma/thrift-server-core": {
      "version": "1.0.4",
      "resolved": "https://registry.npmjs.org/@creditkarma/thrift-server-core/-/thrift-server-core-1.0.4.tgz",
      "integrity": "sha512-Jook5uFJqPeM/D0taSdKHeoerZB6HboSDMqBDWhVDJVSKJGWPSMch4GNALRqr8nCekLKMYkdCgj4FAVetnxpGA==",
      "peer": true,
      "dependencies": {
        "@types/lodash": "^4.14.136",
        "lodash": "^4.17.15"
      }
    },
    "node_modules/@creditkarma/thrift-typescript": {
      "version": "3.7.6",
      "resolved": "https://registry.npmjs.org/@creditkarma/thrift-typescript/-/thrift-typescript-3.7.6.tgz",
      "integrity": "sha512-v/9Bi3YqExw8bOHA1F/087zru14qExO1e4rdV/+hjYOnUk0HX3zmi6giu/QR9c9QK+5bxekZd4pUxgX7HWwvwQ==",
      "dev": true,
      "dependencies": {
        "@creditkarma/thrift-parser": "^1.2.0",
        "@types/fs-extra": "^7.0.0",
        "fs-extra": "^8.0.1",
        "glob": "^7.1.2",
        "typescript": "3.5.x"
      },
      "bin": {
        "thrift-typescript": "dist/main/bin/index.js"
      }
    },
    "node_modules/@creditkarma/thrift-typescript/node_modules/typescript": {
      "version": "3.5.3",
      "resolved": "https://registry.npmjs.org/typescript/-/typescript-3.5.3.tgz",
      "integrity": "sha512-ACzBtm/PhXBDId6a6sDJfroT2pOWt/oOnk4/dElG5G33ZL776N3Y6/6bKZJBFpd+b05F3Ct9qDjMeJmRWtE2/g==",
      "dev": true,
      "bin": {
        "tsc": "bin/tsc",
        "tsserver": "bin/tsserver"
      },
      "engines": {
        "node": ">=4.2.0"
      }
    },
    "node_modules/@sindresorhus/is": {
      "version": "4.6.0",
      "resolved": "https://registry.npmjs.org/@sindresorhus/is/-/is-4.6.0.tgz",
      "integrity": "sha512-t09vSN3MdfsyCHoFcTRCH/iUtG7OJ0CsjzB8cjAmKc/va/kIgeDI/TxsigdncE/4be734m0cvIYwNaV4i2XqAw==",
      "engines": {
        "node": ">=10"
      },
      "funding": {
        "url": "https://github.com/sindresorhus/is?sponsor=1"
      }
    },
    "node_modules/@szmarczak/http-timer": {
      "version": "4.0.6",
      "resolved": "https://registry.npmjs.org/@szmarczak/http-timer/-/http-timer-4.0.6.tgz",
      "integrity": "sha512-4BAffykYOgO+5nzBWYwE3W90sBgLJoUPRWWcL8wlyiM8IB8ipJz3UMJ9KXQd1RKQXpKp8Tutn80HZtWsu2u76w==",
      "dependencies": {
        "defer-to-connect": "^2.0.0"
      },
      "engines": {
        "node": ">=10"
      }
    },
    "node_modules/@types/cacheable-request": {
      "version": "6.0.2",
      "resolved": "https://registry.npmjs.org/@types/cacheable-request/-/cacheable-request-6.0.2.tgz",
      "integrity": "sha512-B3xVo+dlKM6nnKTcmm5ZtY/OL8bOAOd2Olee9M1zft65ox50OzjEHW91sDiU9j6cvW8Ejg1/Qkf4xd2kugApUA==",
      "dependencies": {
        "@types/http-cache-semantics": "*",
        "@types/keyv": "*",
        "@types/node": "*",
        "@types/responselike": "*"
      }
    },
    "node_modules/@types/fs-extra": {
      "version": "7.0.0",
      "resolved": "https://registry.npmjs.org/@types/fs-extra/-/fs-extra-7.0.0.tgz",
      "integrity": "sha512-ndoMMbGyuToTy4qB6Lex/inR98nPiNHacsgMPvy+zqMLgSxbt8VtWpDArpGp69h1fEDQHn1KB+9DWD++wgbwYA==",
      "dev": true,
      "dependencies": {
        "@types/node": "*"
      }
    },
    "node_modules/@types/generic-pool": {
      "version": "3.1.11",
      "resolved": "https://registry.npmjs.org/@types/generic-pool/-/generic-pool-3.1.11.tgz",
      "integrity": "sha512-3mcD3ewmaKPbiAZglGj8We4ohlSMfw/xS+bbYUhTv/ALgqrrtJjyL4Ju9IgapXooBCTFEew5LAKQqzZV6/43xg==",
      "dependencies": {
        "@types/node": "*"
      }
    },
    "node_modules/@types/http-cache-semantics": {
      "version": "4.0.1",
      "resolved": "https://registry.npmjs.org/@types/http-cache-semantics/-/http-cache-semantics-4.0.1.tgz",
      "integrity": "sha512-SZs7ekbP8CN0txVG2xVRH6EgKmEm31BOxA07vkFaETzZz1xh+cbt8BcI0slpymvwhx5dlFnQG2rTlPVQn+iRPQ=="
    },
    "node_modules/@types/json-buffer": {
      "version": "3.0.0",
      "resolved": "https://registry.npmjs.org/@types/json-buffer/-/json-buffer-3.0.0.tgz",
      "integrity": "sha512-3YP80IxxFJB4b5tYC2SUPwkg0XQLiu0nWvhRgEatgjf+29IcWO9X1k8xRv5DGssJ/lCrjYTjQPcobJr2yWIVuQ=="
    },
    "node_modules/@types/keyv": {
      "version": "3.1.4",
      "resolved": "https://registry.npmjs.org/@types/keyv/-/keyv-3.1.4.tgz",
      "integrity": "sha512-BQ5aZNSCpj7D6K2ksrRCTmKRLEpnPvWDiLPfoGyhZ++8YtiK9d/3DBKPJgry359X/P1PfruyYwvnvwFjuEiEIg==",
      "dependencies": {
        "@types/node": "*"
      }
    },
    "node_modules/@types/lodash": {
      "version": "4.14.182",
      "resolved": "https://registry.npmjs.org/@types/lodash/-/lodash-4.14.182.tgz",
      "integrity": "sha512-/THyiqyQAP9AfARo4pF+aCGcyiQ94tX/Is2I7HofNRqoYLgN1PBoOWu2/zTA5zMxzP5EFutMtWtGAFRKUe961Q==",
      "peer": true
    },
    "node_modules/@types/node": {
      "version": "18.7.1",
      "resolved": "https://registry.npmjs.org/@types/node/-/node-18.7.1.tgz",
      "integrity": "sha512-GKX1Qnqxo4S+Z/+Z8KKPLpH282LD7jLHWJcVryOflnsnH+BtSDfieR6ObwBMwpnNws0bUK8GI7z0unQf9bARNQ=="
    },
    "node_modules/@types/node-int64": {
      "version": "0.4.29",
      "resolved": "https://registry.npmjs.org/@types/node-int64/-/node-int64-0.4.29.tgz",
      "integrity": "sha512-rHXvenLTj/CcsmNAebaBOhxQ2MqEGl3yXZZcZ21XYR+gzGTTcpOy2N4IxpvTCz48loyQNatHvfn6GhIbbZ1R3Q==",
      "dev": true,
      "dependencies": {
        "@types/node": "*"
      }
    },
    "node_modules/@types/q": {
      "version": "1.5.5",
      "resolved": "https://registry.npmjs.org/@types/q/-/q-1.5.5.tgz",
      "integrity": "sha512-L28j2FcJfSZOnL1WBjDYp2vUHCeIFlyYI/53EwD/rKUBQ7MtUUfbQWiyKJGpcnv4/WgrhWsFKrcPstcAt/J0tQ==",
      "dev": true
    },
    "node_modules/@types/responselike": {
      "version": "1.0.0",
      "resolved": "https://registry.npmjs.org/@types/responselike/-/responselike-1.0.0.tgz",
      "integrity": "sha512-85Y2BjiufFzaMIlvJDvTTB8Fxl2xfLo4HgmHzVBz08w4wDePCTjYw66PdrolO0kzli3yam/YCgRufyo1DdQVTA==",
      "dependencies": {
        "@types/node": "*"
      }
    },
    "node_modules/@types/thrift": {
      "version": "0.10.11",
      "resolved": "https://registry.npmjs.org/@types/thrift/-/thrift-0.10.11.tgz",
      "integrity": "sha512-skAJTzEcz0RSKX/oooCz4nrLW+lgAq3Wy0imNRqwVpw2ODYKaQHg6iRA5Ig5tzvbFAWPUb9BcQWCf0Ul+IYyCw==",
      "dev": true,
      "dependencies": {
        "@types/node": "*",
        "@types/node-int64": "*",
        "@types/q": "*"
      }
    },
    "node_modules/async-limiter": {
      "version": "1.0.1",
      "resolved": "https://registry.npmjs.org/async-limiter/-/async-limiter-1.0.1.tgz",
      "integrity": "sha512-csOlWGAcRFJaI6m+F2WKdnMKr4HhdhFVBk0H/QbJFMCr+uO2kwohwXQPxw/9OCxp05r5ghVBFSyioixx3gfkNQ=="
    },
    "node_modules/balanced-match": {
      "version": "1.0.2",
      "resolved": "https://registry.npmjs.org/balanced-match/-/balanced-match-1.0.2.tgz",
      "integrity": "sha512-3oSeUO0TMV67hN1AmbXsK4yaqU7tjiHlbxRDZOpH0KW9+CeX4bRAaX0Anxt0tx2MrpRpWwQaPwIlISEJhYU5Pw==",
      "dev": true
    },
    "node_modules/brace-expansion": {
      "version": "1.1.11",
      "resolved": "https://registry.npmjs.org/brace-expansion/-/brace-expansion-1.1.11.tgz",
      "integrity": "sha512-iCuPHDFgrHX7H2vEI/5xpz07zSHB00TpugqhmYtVmMO6518mCuRMoOYFldEBl0g187ufozdaHgWKcYFb61qGiA==",
      "dev": true,
      "dependencies": {
        "balanced-match": "^1.0.0",
        "concat-map": "0.0.1"
      }
    },
    "node_modules/browser-or-node": {
      "version": "1.3.0",
      "resolved": "https://registry.npmjs.org/browser-or-node/-/browser-or-node-1.3.0.tgz",
      "integrity": "sha512-0F2z/VSnLbmEeBcUrSuDH5l0HxTXdQQzLjkmBR4cYfvg1zJrKSlmIZFqyFR8oX0NrwPhy3c3HQ6i3OxMbew4Tg=="
    },
    "node_modules/cacheable-lookup": {
      "version": "5.0.4",
      "resolved": "https://registry.npmjs.org/cacheable-lookup/-/cacheable-lookup-5.0.4.tgz",
      "integrity": "sha512-2/kNscPhpcxrOigMZzbiWF7dz8ilhb/nIHU3EyZiXWXpeq/au8qJ8VhdftMkty3n7Gj6HIGalQG8oiBNB3AJgA==",
      "engines": {
        "node": ">=10.6.0"
      }
    },
    "node_modules/cacheable-request": {
      "version": "7.0.2",
      "resolved": "https://registry.npmjs.org/cacheable-request/-/cacheable-request-7.0.2.tgz",
      "integrity": "sha512-pouW8/FmiPQbuGpkXQ9BAPv/Mo5xDGANgSNXzTzJ8DrKGuXOssM4wIQRjfanNRh3Yu5cfYPvcorqbhg2KIJtew==",
      "dependencies": {
        "clone-response": "^1.0.2",
        "get-stream": "^5.1.0",
        "http-cache-semantics": "^4.0.0",
        "keyv": "^4.0.0",
        "lowercase-keys": "^2.0.0",
        "normalize-url": "^6.0.1",
        "responselike": "^2.0.0"
      },
      "engines": {
        "node": ">=8"
      }
    },
    "node_modules/clone-response": {
      "version": "1.0.3",
      "resolved": "https://registry.npmjs.org/clone-response/-/clone-response-1.0.3.tgz",
      "integrity": "sha512-ROoL94jJH2dUVML2Y/5PEDNaSHgeOdSDicUyS7izcF63G6sTc/FTjLub4b8Il9S8S0beOfYt0TaA5qvFK+w0wA==",
      "dependencies": {
        "mimic-response": "^1.0.0"
      },
      "funding": {
        "url": "https://github.com/sponsors/sindresorhus"
      }
    },
    "node_modules/compress-brotli": {
      "version": "1.3.8",
      "resolved": "https://registry.npmjs.org/compress-brotli/-/compress-brotli-1.3.8.tgz",
      "integrity": "sha512-lVcQsjhxhIXsuupfy9fmZUFtAIdBmXA7EGY6GBdgZ++qkM9zG4YFT8iU7FoBxzryNDMOpD1HIFHUSX4D87oqhQ==",
      "dependencies": {
        "@types/json-buffer": "~3.0.0",
        "json-buffer": "~3.0.1"
      },
      "engines": {
        "node": ">= 12"
      }
    },
    "node_modules/concat-map": {
      "version": "0.0.1",
      "resolved": "https://registry.npmjs.org/concat-map/-/concat-map-0.0.1.tgz",
      "integrity": "sha512-/Srv4dswyQNBfohGpz9o6Yb3Gz3SrUDqBH5rTuhGR7ahtlbYKnVxw2bCFMRljaA7EXHaXZ8wsHdodFvbkhKmqg==",
      "dev": true
    },
    "node_modules/decompress-response": {
      "version": "6.0.0",
      "resolved": "https://registry.npmjs.org/decompress-response/-/decompress-response-6.0.0.tgz",
      "integrity": "sha512-aW35yZM6Bb/4oJlZncMH2LCoZtJXTRxES17vE3hoRiowU2kWHaJKFkSBDnDR+cm9J+9QhXmREyIfv0pji9ejCQ==",
      "dependencies": {
        "mimic-response": "^3.1.0"
      },
      "engines": {
        "node": ">=10"
      },
      "funding": {
        "url": "https://github.com/sponsors/sindresorhus"
      }
    },
    "node_modules/decompress-response/node_modules/mimic-response": {
      "version": "3.1.0",
      "resolved": "https://registry.npmjs.org/mimic-response/-/mimic-response-3.1.0.tgz",
      "integrity": "sha512-z0yWI+4FDrrweS8Zmt4Ej5HdJmky15+L2e6Wgn3+iK5fWzb6T3fhNFq2+MeTRb064c6Wr4N/wv0DzQTjNzHNGQ==",
      "engines": {
        "node": ">=10"
      },
      "funding": {
        "url": "https://github.com/sponsors/sindresorhus"
      }
    },
    "node_modules/defer-to-connect": {
      "version": "2.0.1",
      "resolved": "https://registry.npmjs.org/defer-to-connect/-/defer-to-connect-2.0.1.tgz",
      "integrity": "sha512-4tvttepXG1VaYGrRibk5EwJd1t4udunSOVMdLSAL6mId1ix438oPwPZMALY41FCijukO1L0twNcGsdzS7dHgDg==",
      "engines": {
        "node": ">=10"
      }
    },
    "node_modules/end-of-stream": {
      "version": "1.4.4",
      "resolved": "https://registry.npmjs.org/end-of-stream/-/end-of-stream-1.4.4.tgz",
      "integrity": "sha512-+uw1inIHVPQoaVuHzRyXd21icM+cnt4CzD5rW+NC1wjOUSTOs+Te7FOv7AhN7vS9x/oIyhLP5PR1H+phQAHu5Q==",
      "dependencies": {
        "once": "^1.4.0"
      }
    },
    "node_modules/fs-extra": {
      "version": "8.1.0",
      "resolved": "https://registry.npmjs.org/fs-extra/-/fs-extra-8.1.0.tgz",
      "integrity": "sha512-yhlQgA6mnOJUKOsRUFsgJdQCvkKhcz8tlZG5HBQfReYZy46OwLcY+Zia0mtdHsOo9y/hP+CxMN0TU9QxoOtG4g==",
      "dev": true,
      "dependencies": {
        "graceful-fs": "^4.2.0",
        "jsonfile": "^4.0.0",
        "universalify": "^0.1.0"
      },
      "engines": {
        "node": ">=6 <7 || >=8"
      }
    },
    "node_modules/fs.realpath": {
      "version": "1.0.0",
      "resolved": "https://registry.npmjs.org/fs.realpath/-/fs.realpath-1.0.0.tgz",
      "integrity": "sha512-OO0pH2lK6a0hZnAdau5ItzHPI6pUlvI7jMVnxUQRtw4owF2wk8lOSabtGDCTP4Ggrg2MbGnWO9X8K1t4+fGMDw==",
      "dev": true
    },
    "node_modules/generic-pool": {
      "version": "3.8.2",
      "resolved": "https://registry.npmjs.org/generic-pool/-/generic-pool-3.8.2.tgz",
      "integrity": "sha512-nGToKy6p3PAbYQ7p1UlWl6vSPwfwU6TMSWK7TTu+WUY4ZjyZQGniGGt2oNVvyNSpyZYSB43zMXVLcBm08MTMkg==",
      "engines": {
        "node": ">= 4"
      }
    },
    "node_modules/get-stream": {
      "version": "5.2.0",
      "resolved": "https://registry.npmjs.org/get-stream/-/get-stream-5.2.0.tgz",
      "integrity": "sha512-nBF+F1rAZVCu/p7rjzgA+Yb4lfYXrpl7a6VmJrU8wF9I1CKvP/QwPNZHnOlwbTkY6dvtFIzFMSyQXbLoTQPRpA==",
      "dependencies": {
        "pump": "^3.0.0"
      },
      "engines": {
        "node": ">=8"
      },
      "funding": {
        "url": "https://github.com/sponsors/sindresorhus"
      }
    },
    "node_modules/glob": {
      "version": "7.2.3",
      "resolved": "https://registry.npmjs.org/glob/-/glob-7.2.3.tgz",
      "integrity": "sha512-nFR0zLpU2YCaRxwoCJvL6UvCH2JFyFVIvwTLsIf21AuHlMskA1hhTdk+LlYJtOlYt9v6dvszD2BGRqBL+iQK9Q==",
      "dev": true,
      "dependencies": {
        "fs.realpath": "^1.0.0",
        "inflight": "^1.0.4",
        "inherits": "2",
        "minimatch": "^3.1.1",
        "once": "^1.3.0",
        "path-is-absolute": "^1.0.0"
      },
      "engines": {
        "node": "*"
      },
      "funding": {
        "url": "https://github.com/sponsors/isaacs"
      }
    },
    "node_modules/got": {
      "version": "11.8.5",
      "resolved": "https://registry.npmjs.org/got/-/got-11.8.5.tgz",
      "integrity": "sha512-o0Je4NvQObAuZPHLFoRSkdG2lTgtcynqymzg2Vupdx6PorhaT5MCbIyXG6d4D94kk8ZG57QeosgdiqfJWhEhlQ==",
      "dependencies": {
        "@sindresorhus/is": "^4.0.0",
        "@szmarczak/http-timer": "^4.0.5",
        "@types/cacheable-request": "^6.0.1",
        "@types/responselike": "^1.0.0",
        "cacheable-lookup": "^5.0.3",
        "cacheable-request": "^7.0.2",
        "decompress-response": "^6.0.0",
        "http2-wrapper": "^1.0.0-beta.5.2",
        "lowercase-keys": "^2.0.0",
        "p-cancelable": "^2.0.0",
        "responselike": "^2.0.0"
      },
      "engines": {
        "node": ">=10.19.0"
      },
      "funding": {
        "url": "https://github.com/sindresorhus/got?sponsor=1"
      }
    },
    "node_modules/graceful-fs": {
      "version": "4.2.10",
      "resolved": "https://registry.npmjs.org/graceful-fs/-/graceful-fs-4.2.10.tgz",
      "integrity": "sha512-9ByhssR2fPVsNZj478qUUbKfmL0+t5BDVyjShtyZZLiK7ZDAArFFfopyOTj0M05wE2tJPisA4iTnnXl2YoPvOA==",
      "dev": true
    },
    "node_modules/http-cache-semantics": {
      "version": "4.1.0",
      "resolved": "https://registry.npmjs.org/http-cache-semantics/-/http-cache-semantics-4.1.0.tgz",
      "integrity": "sha512-carPklcUh7ROWRK7Cv27RPtdhYhUsela/ue5/jKzjegVvXDqM2ILE9Q2BGn9JZJh1g87cp56su/FgQSzcWS8cQ=="
    },
    "node_modules/http2-wrapper": {
      "version": "1.0.3",
      "resolved": "https://registry.npmjs.org/http2-wrapper/-/http2-wrapper-1.0.3.tgz",
      "integrity": "sha512-V+23sDMr12Wnz7iTcDeJr3O6AIxlnvT/bmaAAAP/Xda35C90p9599p0F1eHR/N1KILWSoWVAiOMFjBBXaXSMxg==",
      "dependencies": {
        "quick-lru": "^5.1.1",
        "resolve-alpn": "^1.0.0"
      },
      "engines": {
        "node": ">=10.19.0"
      }
    },
    "node_modules/inflight": {
      "version": "1.0.6",
      "resolved": "https://registry.npmjs.org/inflight/-/inflight-1.0.6.tgz",
      "integrity": "sha512-k92I/b08q4wvFscXCLvqfsHCrjrF7yiXsQuIVvVE7N82W3+aqpzuUdBbfhWcy/FZR3/4IgflMgKLOsvPDrGCJA==",
      "dev": true,
      "dependencies": {
        "once": "^1.3.0",
        "wrappy": "1"
      }
    },
    "node_modules/inherits": {
      "version": "2.0.4",
      "resolved": "https://registry.npmjs.org/inherits/-/inherits-2.0.4.tgz",
      "integrity": "sha512-k/vGaX4/Yla3WzyMCvTQOXYeIHvqOKtnqBduzTHpzpQZzAskKMhZ2K+EnBiSM9zGSoIFeMpXKxa4dYeZIQqewQ==",
      "dev": true
    },
    "node_modules/isomorphic-ws": {
      "version": "4.0.1",
      "resolved": "https://registry.npmjs.org/isomorphic-ws/-/isomorphic-ws-4.0.1.tgz",
      "integrity": "sha512-BhBvN2MBpWTaSHdWRb/bwdZJ1WaehQ2L1KngkCkfLUGF0mAWAT1sQUQacEmQ0jXkFw/czDXPNQSL5u2/Krsz1w==",
      "peerDependencies": {
        "ws": "*"
      }
    },
    "node_modules/json-buffer": {
      "version": "3.0.1",
      "resolved": "https://registry.npmjs.org/json-buffer/-/json-buffer-3.0.1.tgz",
      "integrity": "sha512-4bV5BfR2mqfQTJm+V5tPPdf+ZpuhiIvTuAB5g8kcrXOZpTT/QwwVRWBywX1ozr6lEuPdbHxwaJlm9G6mI2sfSQ=="
    },
    "node_modules/jsonfile": {
      "version": "4.0.0",
      "resolved": "https://registry.npmjs.org/jsonfile/-/jsonfile-4.0.0.tgz",
      "integrity": "sha512-m6F1R3z8jjlf2imQHS2Qez5sjKWQzbuuhuJ/FKYFRZvPE3PuHcSMVZzfsLhGVOkfd20obL5SWEBew5ShlquNxg==",
      "dev": true,
      "optionalDependencies": {
        "graceful-fs": "^4.1.6"
      }
    },
    "node_modules/keyv": {
      "version": "4.3.3",
      "resolved": "https://registry.npmjs.org/keyv/-/keyv-4.3.3.tgz",
      "integrity": "sha512-AcysI17RvakTh8ir03+a3zJr5r0ovnAH/XTXei/4HIv3bL2K/jzvgivLK9UuI/JbU1aJjM3NSAnVvVVd3n+4DQ==",
      "dependencies": {
        "compress-brotli": "^1.3.8",
        "json-buffer": "3.0.1"
      }
    },
    "node_modules/lodash": {
      "version": "4.17.21",
      "resolved": "https://registry.npmjs.org/lodash/-/lodash-4.17.21.tgz",
      "integrity": "sha512-v2kDEe57lecTulaDIuNTPy3Ry4gLGJ6Z1O3vE1krgXZNrsQ+LFTGHVxVjcXPs17LhbZVGedAJv8XZ1tvj5FvSg==",
      "peer": true
    },
    "node_modules/lowercase-keys": {
      "version": "2.0.0",
      "resolved": "https://registry.npmjs.org/lowercase-keys/-/lowercase-keys-2.0.0.tgz",
      "integrity": "sha512-tqNXrS78oMOE73NMxK4EMLQsQowWf8jKooH9g7xPavRT706R6bkQJ6DY2Te7QukaZsulxa30wQ7bk0pm4XiHmA==",
      "engines": {
        "node": ">=8"
      }
    },
    "node_modules/mimic-response": {
      "version": "1.0.1",
      "resolved": "https://registry.npmjs.org/mimic-response/-/mimic-response-1.0.1.tgz",
      "integrity": "sha512-j5EctnkH7amfV/q5Hgmoal1g2QHFJRraOtmx0JpIqkxhBhI/lJSl1nMpQ45hVarwNETOoWEimndZ4QK0RHxuxQ==",
      "engines": {
        "node": ">=4"
      }
    },
    "node_modules/minimatch": {
      "version": "3.1.2",
      "resolved": "https://registry.npmjs.org/minimatch/-/minimatch-3.1.2.tgz",
      "integrity": "sha512-J7p63hRiAjw1NDEww1W7i37+ByIrOWO5XQQAzZ3VOcL0PNybwpfmV/N05zFAzwQ9USyEcX6t3UO+K5aqBQOIHw==",
      "dev": true,
      "dependencies": {
        "brace-expansion": "^1.1.7"
      },
      "engines": {
        "node": "*"
      }
    },
    "node_modules/node-int64": {
      "version": "0.4.0",
      "resolved": "https://registry.npmjs.org/node-int64/-/node-int64-0.4.0.tgz",
      "integrity": "sha512-O5lz91xSOeoXP6DulyHfllpq+Eg00MWitZIbtPfoSEvqIHdl5gfcY6hYzDWnj0qD5tz52PI08u9qUvSVeUBeHw=="
    },
    "node_modules/normalize-url": {
      "version": "6.1.0",
      "resolved": "https://registry.npmjs.org/normalize-url/-/normalize-url-6.1.0.tgz",
      "integrity": "sha512-DlL+XwOy3NxAQ8xuC0okPgK46iuVNAK01YN7RueYBqqFeGsBjV9XmCAzAdgt+667bCl5kPh9EqKKDwnaPG1I7A==",
      "engines": {
        "node": ">=10"
      },
      "funding": {
        "url": "https://github.com/sponsors/sindresorhus"
      }
    },
    "node_modules/once": {
      "version": "1.4.0",
      "resolved": "https://registry.npmjs.org/once/-/once-1.4.0.tgz",
      "integrity": "sha512-lNaJgI+2Q5URQBkccEKHTQOPaXdUxnZZElQTZY0MFUAuaEqe1E+Nyvgdz/aIyNi6Z9MzO5dv1H8n58/GELp3+w==",
      "dependencies": {
        "wrappy": "1"
      }
    },
    "node_modules/p-cancelable": {
      "version": "2.1.1",
      "resolved": "https://registry.npmjs.org/p-cancelable/-/p-cancelable-2.1.1.tgz",
      "integrity": "sha512-BZOr3nRQHOntUjTrH8+Lh54smKHoHyur8We1V8DSMVrl5A2malOOwuJRnKRDjSnkoeBh4at6BwEnb5I7Jl31wg==",
      "engines": {
        "node": ">=8"
      }
    },
    "node_modules/path-is-absolute": {
      "version": "1.0.1",
      "resolved": "https://registry.npmjs.org/path-is-absolute/-/path-is-absolute-1.0.1.tgz",
      "integrity": "sha512-AVbw3UJ2e9bq64vSaS9Am0fje1Pa8pbGqTTsmXfaIiMpnr5DlDhfJOuLj9Sf95ZPVDAUerDfEk88MPmPe7UCQg==",
      "dev": true,
      "engines": {
        "node": ">=0.10.0"
      }
    },
    "node_modules/pump": {
      "version": "3.0.0",
      "resolved": "https://registry.npmjs.org/pump/-/pump-3.0.0.tgz",
      "integrity": "sha512-LwZy+p3SFs1Pytd/jYct4wpv49HiYCqd9Rlc5ZVdk0V+8Yzv6jR5Blk3TRmPL1ft69TxP0IMZGJ+WPFU2BFhww==",
      "dependencies": {
        "end-of-stream": "^1.1.0",
        "once": "^1.3.1"
      }
    },
    "node_modules/q": {
      "version": "1.5.1",
      "resolved": "https://registry.npmjs.org/q/-/q-1.5.1.tgz",
      "integrity": "sha512-kV/CThkXo6xyFEZUugw/+pIOywXcDbFYgSct5cT3gqlbkBE1SJdwy6UQoZvodiWF/ckQLZyDE/Bu1M6gVu5lVw==",
      "engines": {
        "node": ">=0.6.0",
        "teleport": ">=0.2.0"
      }
    },
    "node_modules/quick-lru": {
      "version": "5.1.1",
      "resolved": "https://registry.npmjs.org/quick-lru/-/quick-lru-5.1.1.tgz",
      "integrity": "sha512-WuyALRjWPDGtt/wzJiadO5AXY+8hZ80hVpe6MyivgraREW751X3SbhRvG3eLKOYN+8VEvqLcf3wdnt44Z4S4SA==",
      "engines": {
        "node": ">=10"
      },
      "funding": {
        "url": "https://github.com/sponsors/sindresorhus"
      }
    },
    "node_modules/resolve-alpn": {
      "version": "1.2.1",
      "resolved": "https://registry.npmjs.org/resolve-alpn/-/resolve-alpn-1.2.1.tgz",
      "integrity": "sha512-0a1F4l73/ZFZOakJnQ3FvkJ2+gSTQWz/r2KE5OdDY0TxPm5h4GkqkWWfM47T7HsbnOtcJVEF4epCVy6u7Q3K+g=="
    },
    "node_modules/responselike": {
      "version": "2.0.1",
      "resolved": "https://registry.npmjs.org/responselike/-/responselike-2.0.1.tgz",
      "integrity": "sha512-4gl03wn3hj1HP3yzgdI7d3lCkF95F21Pz4BPGvKHinyQzALR5CapwC8yIi0Rh58DEMQ/SguC03wFj2k0M/mHhw==",
      "dependencies": {
        "lowercase-keys": "^2.0.0"
      },
      "funding": {
        "url": "https://github.com/sponsors/sindresorhus"
      }
    },
    "node_modules/thrift": {
      "version": "0.16.0",
      "resolved": "https://registry.npmjs.org/thrift/-/thrift-0.16.0.tgz",
      "integrity": "sha512-W8DpGyTPlIaK3f+e1XOCLxefaUWXtrOXAaVIDbfYhmVyriYeAKgsBVFNJUV1F9SQ2SPt2sG44AZQxSGwGj/3VA==",
      "dependencies": {
        "browser-or-node": "^1.2.1",
        "isomorphic-ws": "^4.0.1",
        "node-int64": "^0.4.0",
        "q": "^1.5.0",
        "ws": "^5.2.3"
      },
      "engines": {
        "node": ">= 10.18.0"
      }
    },
    "node_modules/typescript": {
      "version": "4.7.4",
      "resolved": "https://registry.npmjs.org/typescript/-/typescript-4.7.4.tgz",
      "integrity": "sha512-C0WQT0gezHuw6AdY1M2jxUO83Rjf0HP7Sk1DtXj6j1EwkQNZrHAg2XPWlq62oqEhYvONq5pkC2Y9oPljWToLmQ==",
      "dev": true,
      "bin": {
        "tsc": "bin/tsc",
        "tsserver": "bin/tsserver"
      },
      "engines": {
        "node": ">=4.2.0"
      }
    },
    "node_modules/universalify": {
      "version": "0.1.2",
      "resolved": "https://registry.npmjs.org/universalify/-/universalify-0.1.2.tgz",
      "integrity": "sha512-rBJeI5CXAlmy1pV+617WB9J63U6XcazHHF2f2dbJix4XzpUF0RS3Zbj0FGIOCAva5P/d/GBOYaACQ1w+0azUkg==",
      "dev": true,
      "engines": {
        "node": ">= 4.0.0"
      }
    },
    "node_modules/wrappy": {
      "version": "1.0.2",
      "resolved": "https://registry.npmjs.org/wrappy/-/wrappy-1.0.2.tgz",
      "integrity": "sha512-l4Sp/DRseor9wL6EvV2+TuQn63dMkPjZ/sp9XkghTEbV9KlPS1xUsZ3u7/IQO4wxtcFB4bgpQPRcR3QCvezPcQ=="
    },
    "node_modules/ws": {
      "version": "5.2.3",
      "resolved": "https://registry.npmjs.org/ws/-/ws-5.2.3.tgz",
      "integrity": "sha512-jZArVERrMsKUatIdnLzqvcfydI85dvd/Fp1u/VOpfdDWQ4c9qWXe+VIeAbQ5FrDwciAkr+lzofXLz3Kuf26AOA==",
      "dependencies": {
        "async-limiter": "~1.0.0"
      }
    }
  },
  "dependencies": {
    "@creditkarma/thrift-client": {
      "version": "1.0.4",
      "resolved": "https://registry.npmjs.org/@creditkarma/thrift-client/-/thrift-client-1.0.4.tgz",
      "integrity": "sha512-CK2HarQKhzYXEKQeqYSEWdOQYcMz0o7HB7Q4c08prL0bb6EXOE0Qim5FsCvCwYkrkoEHLKSwuD795AJ48yuaNg==",
      "requires": {
        "@types/generic-pool": "^3.1.4",
        "generic-pool": "^3.4.2",
        "got": "^11.8.3"
      }
    },
    "@creditkarma/thrift-parser": {
      "version": "1.2.0",
      "resolved": "https://registry.npmjs.org/@creditkarma/thrift-parser/-/thrift-parser-1.2.0.tgz",
      "integrity": "sha512-mSRxjSXvU6sBfWhMBWXl7H/XEKWHQ7x+MUDLwyeFIwwX9UaZKPOc7TgGd0N78kcZtIMk82ArdxO6aFhqnBuNtg==",
      "dev": true
    },
    "@creditkarma/thrift-server-core": {
      "version": "1.0.4",
      "resolved": "https://registry.npmjs.org/@creditkarma/thrift-server-core/-/thrift-server-core-1.0.4.tgz",
      "integrity": "sha512-Jook5uFJqPeM/D0taSdKHeoerZB6HboSDMqBDWhVDJVSKJGWPSMch4GNALRqr8nCekLKMYkdCgj4FAVetnxpGA==",
      "peer": true,
      "requires": {
        "@types/lodash": "^4.14.136",
        "lodash": "^4.17.15"
      }
    },
    "@creditkarma/thrift-typescript": {
      "version": "3.7.6",
      "resolved": "https://registry.npmjs.org/@creditkarma/thrift-typescript/-/thrift-typescript-3.7.6.tgz",
      "integrity": "sha512-v/9Bi3YqExw8bOHA1F/087zru14qExO1e4rdV/+hjYOnUk0HX3zmi6giu/QR9c9QK+5bxekZd4pUxgX7HWwvwQ==",
      "dev": true,
      "requires": {
        "@creditkarma/thrift-parser": "^1.2.0",
        "@types/fs-extra": "^7.0.0",
        "fs-extra": "^8.0.1",
        "glob": "^7.1.2",
        "typescript": "3.5.x"
      },
      "dependencies": {
        "typescript": {
          "version": "3.5.3",
          "resolved": "https://registry.npmjs.org/typescript/-/typescript-3.5.3.tgz",
          "integrity": "sha512-ACzBtm/PhXBDId6a6sDJfroT2pOWt/oOnk4/dElG5G33ZL776N3Y6/6bKZJBFpd+b05F3Ct9qDjMeJmRWtE2/g==",
          "dev": true
        }
      }
    },
    "@sindresorhus/is": {
      "version": "4.6.0",
      "resolved": "https://registry.npmjs.org/@sindresorhus/is/-/is-4.6.0.tgz",
      "integrity": "sha512-t09vSN3MdfsyCHoFcTRCH/iUtG7OJ0CsjzB8cjAmKc/va/kIgeDI/TxsigdncE/4be734m0cvIYwNaV4i2XqAw=="
    },
    "@szmarczak/http-timer": {
      "version": "4.0.6",
      "resolved": "https://registry.npmjs.org/@szmarczak/http-timer/-/http-timer-4.0.6.tgz",
      "integrity": "sha512-4BAffykYOgO+5nzBWYwE3W90sBgLJoUPRWWcL8wlyiM8IB8ipJz3UMJ9KXQd1RKQXpKp8Tutn80HZtWsu2u76w==",
      "requires": {
        "defer-to-connect": "^2.0.0"
      }
    },
    "@types/cacheable-request": {
      "version": "6.0.2",
      "resolved": "https://registry.npmjs.org/@types/cacheable-request/-/cacheable-request-6.0.2.tgz",
      "integrity": "sha512-B3xVo+dlKM6nnKTcmm5ZtY/OL8bOAOd2Olee9M1zft65ox50OzjEHW91sDiU9j6cvW8Ejg1/Qkf4xd2kugApUA==",
      "requires": {
        "@types/http-cache-semantics": "*",
        "@types/keyv": "*",
        "@types/node": "*",
        "@types/responselike": "*"
      }
    },
    "@types/fs-extra": {
      "version": "7.0.0",
      "resolved": "https://registry.npmjs.org/@types/fs-extra/-/fs-extra-7.0.0.tgz",
      "integrity": "sha512-ndoMMbGyuToTy4qB6Lex/inR98nPiNHacsgMPvy+zqMLgSxbt8VtWpDArpGp69h1fEDQHn1KB+9DWD++wgbwYA==",
      "dev": true,
      "requires": {
        "@types/node": "*"
      }
    },
    "@types/generic-pool": {
      "version": "3.1.11",
      "resolved": "https://registry.npmjs.org/@types/generic-pool/-/generic-pool-3.1.11.tgz",
      "integrity": "sha512-3mcD3ewmaKPbiAZglGj8We4ohlSMfw/xS+bbYUhTv/ALgqrrtJjyL4Ju9IgapXooBCTFEew5LAKQqzZV6/43xg==",
      "requires": {
        "@types/node": "*"
      }
    },
    "@types/http-cache-semantics": {
      "version": "4.0.1",
      "resolved": "https://registry.npmjs.org/@types/http-cache-semantics/-/http-cache-semantics-4.0.1.tgz",
      "integrity": "sha512-SZs7ekbP8CN0txVG2xVRH6EgKmEm31BOxA07vkFaETzZz1xh+cbt8BcI0slpymvwhx5dlFnQG2rTlPVQn+iRPQ=="
    },
    "@types/json-buffer": {
      "version": "3.0.0",
      "resolved": "https://registry.npmjs.org/@types/json-buffer/-/json-buffer-3.0.0.tgz",
      "integrity": "sha512-3YP80IxxFJB4b5tYC2SUPwkg0XQLiu0nWvhRgEatgjf+29IcWO9X1k8xRv5DGssJ/lCrjYTjQPcobJr2yWIVuQ=="
    },
    "@types/keyv": {
      "version": "3.1.4",
      "resolved": "https://registry.npmjs.org/@types/keyv/-/keyv-3.1.4.tgz",
      "integrity": "sha512-BQ5aZNSCpj7D6K2ksrRCTmKRLEpnPvWDiLPfoGyhZ++8YtiK9d/3DBKPJgry359X/P1PfruyYwvnvwFjuEiEIg==",
      "requires": {
        "@types/node": "*"
      }
    },
    "@types/lodash": {
      "version": "4.14.182",
      "resolved": "https://registry.npmjs.org/@types/lodash/-/lodash-4.14.182.tgz",
      "integrity": "sha512-/THyiqyQAP9AfARo4pF+aCGcyiQ94tX/Is2I7HofNRqoYLgN1PBoOWu2/zTA5zMxzP5EFutMtWtGAFRKUe961Q==",
      "peer": true
    },
    "@types/node": {
      "version": "18.7.1",
      "resolved": "https://registry.npmjs.org/@types/node/-/node-18.7.1.tgz",
      "integrity": "sha512-GKX1Qnqxo4S+Z/+Z8KKPLpH282LD7jLHWJcVryOflnsnH+BtSDfieR6ObwBMwpnNws0bUK8GI7z0unQf9bARNQ=="
    },
    "@types/node-int64": {
      "version": "0.4.29",
      "resolved": "https://registry.npmjs.org/@types/node-int64/-/node-int64-0.4.29.tgz",
      "integrity": "sha512-rHXvenLTj/CcsmNAebaBOhxQ2MqEGl3yXZZcZ21XYR+gzGTTcpOy2N4IxpvTCz48loyQNatHvfn6GhIbbZ1R3Q==",
      "dev": true,
      "requires": {
        "@types/node": "*"
      }
    },
    "@types/q": {
      "version": "1.5.5",
      "resolved": "https://registry.npmjs.org/@types/q/-/q-1.5.5.tgz",
      "integrity": "sha512-L28j2FcJfSZOnL1WBjDYp2vUHCeIFlyYI/53EwD/rKUBQ7MtUUfbQWiyKJGpcnv4/WgrhWsFKrcPstcAt/J0tQ==",
      "dev": true
    },
    "@types/responselike": {
      "version": "1.0.0",
      "resolved": "https://registry.npmjs.org/@types/responselike/-/responselike-1.0.0.tgz",
      "integrity": "sha512-85Y2BjiufFzaMIlvJDvTTB8Fxl2xfLo4HgmHzVBz08w4wDePCTjYw66PdrolO0kzli3yam/YCgRufyo1DdQVTA==",
      "requires": {
        "@types/node": "*"
      }
    },
    "@types/thrift": {
      "version": "0.10.11",
      "resolved": "https://registry.npmjs.org/@types/thrift/-/thrift-0.10.11.tgz",
      "integrity": "sha512-skAJTzEcz0RSKX/oooCz4nrLW+lgAq3Wy0imNRqwVpw2ODYKaQHg6iRA5Ig5tzvbFAWPUb9BcQWCf0Ul+IYyCw==",
      "dev": true,
      "requires": {
        "@types/node": "*",
        "@types/node-int64": "*",
        "@types/q": "*"
      }
    },
    "async-limiter": {
      "version": "1.0.1",
      "resolved": "https://registry.npmjs.org/async-limiter/-/async-limiter-1.0.1.tgz",
      "integrity": "sha512-csOlWGAcRFJaI6m+F2WKdnMKr4HhdhFVBk0H/QbJFMCr+uO2kwohwXQPxw/9OCxp05r5ghVBFSyioixx3gfkNQ=="
    },
    "balanced-match": {
      "version": "1.0.2",
      "resolved": "https://registry.npmjs.org/balanced-match/-/balanced-match-1.0.2.tgz",
      "integrity": "sha512-3oSeUO0TMV67hN1AmbXsK4yaqU7tjiHlbxRDZOpH0KW9+CeX4bRAaX0Anxt0tx2MrpRpWwQaPwIlISEJhYU5Pw==",
      "dev": true
    },
    "brace-expansion": {
      "version": "1.1.11",
      "resolved": "https://registry.npmjs.org/brace-expansion/-/brace-expansion-1.1.11.tgz",
      "integrity": "sha512-iCuPHDFgrHX7H2vEI/5xpz07zSHB00TpugqhmYtVmMO6518mCuRMoOYFldEBl0g187ufozdaHgWKcYFb61qGiA==",
      "dev": true,
      "requires": {
        "balanced-match": "^1.0.0",
        "concat-map": "0.0.1"
      }
    },
    "browser-or-node": {
      "version": "1.3.0",
      "resolved": "https://registry.npmjs.org/browser-or-node/-/browser-or-node-1.3.0.tgz",
      "integrity": "sha512-0F2z/VSnLbmEeBcUrSuDH5l0HxTXdQQzLjkmBR4cYfvg1zJrKSlmIZFqyFR8oX0NrwPhy3c3HQ6i3OxMbew4Tg=="
    },
    "cacheable-lookup": {
      "version": "5.0.4",
      "resolved": "https://registry.npmjs.org/cacheable-lookup/-/cacheable-lookup-5.0.4.tgz",
      "integrity": "sha512-2/kNscPhpcxrOigMZzbiWF7dz8ilhb/nIHU3EyZiXWXpeq/au8qJ8VhdftMkty3n7Gj6HIGalQG8oiBNB3AJgA=="
    },
    "cacheable-request": {
      "version": "7.0.2",
      "resolved": "https://registry.npmjs.org/cacheable-request/-/cacheable-request-7.0.2.tgz",
      "integrity": "sha512-pouW8/FmiPQbuGpkXQ9BAPv/Mo5xDGANgSNXzTzJ8DrKGuXOssM4wIQRjfanNRh3Yu5cfYPvcorqbhg2KIJtew==",
      "requires": {
        "clone-response": "^1.0.2",
        "get-stream": "^5.1.0",
        "http-cache-semantics": "^4.0.0",
        "keyv": "^4.0.0",
        "lowercase-keys": "^2.0.0",
        "normalize-url": "^6.0.1",
        "responselike": "^2.0.0"
      }
    },
    "clone-response": {
      "version": "1.0.3",
      "resolved": "https://registry.npmjs.org/clone-response/-/clone-response-1.0.3.tgz",
      "integrity": "sha512-ROoL94jJH2dUVML2Y/5PEDNaSHgeOdSDicUyS7izcF63G6sTc/FTjLub4b8Il9S8S0beOfYt0TaA5qvFK+w0wA==",
      "requires": {
        "mimic-response": "^1.0.0"
      }
    },
    "compress-brotli": {
      "version": "1.3.8",
      "resolved": "https://registry.npmjs.org/compress-brotli/-/compress-brotli-1.3.8.tgz",
      "integrity": "sha512-lVcQsjhxhIXsuupfy9fmZUFtAIdBmXA7EGY6GBdgZ++qkM9zG4YFT8iU7FoBxzryNDMOpD1HIFHUSX4D87oqhQ==",
      "requires": {
        "@types/json-buffer": "~3.0.0",
        "json-buffer": "~3.0.1"
      }
    },
    "concat-map": {
      "version": "0.0.1",
      "resolved": "https://registry.npmjs.org/concat-map/-/concat-map-0.0.1.tgz",
      "integrity": "sha512-/Srv4dswyQNBfohGpz9o6Yb3Gz3SrUDqBH5rTuhGR7ahtlbYKnVxw2bCFMRljaA7EXHaXZ8wsHdodFvbkhKmqg==",
      "dev": true
    },
    "decompress-response": {
      "version": "6.0.0",
      "resolved": "https://registry.npmjs.org/decompress-response/-/decompress-response-6.0.0.tgz",
      "integrity": "sha512-aW35yZM6Bb/4oJlZncMH2LCoZtJXTRxES17vE3hoRiowU2kWHaJKFkSBDnDR+cm9J+9QhXmREyIfv0pji9ejCQ==",
      "requires": {
        "mimic-response": "^3.1.0"
      },
      "dependencies": {
        "mimic-response": {
          "version": "3.1.0",
          "resolved": "https://registry.npmjs.org/mimic-response/-/mimic-response-3.1.0.tgz",
          "integrity": "sha512-z0yWI+4FDrrweS8Zmt4Ej5HdJmky15+L2e6Wgn3+iK5fWzb6T3fhNFq2+MeTRb064c6Wr4N/wv0DzQTjNzHNGQ=="
        }
      }
    },
    "defer-to-connect": {
      "version": "2.0.1",
      "resolved": "https://registry.npmjs.org/defer-to-connect/-/defer-to-connect-2.0.1.tgz",
      "integrity": "sha512-4tvttepXG1VaYGrRibk5EwJd1t4udunSOVMdLSAL6mId1ix438oPwPZMALY41FCijukO1L0twNcGsdzS7dHgDg=="
    },
    "end-of-stream": {
      "version": "1.4.4",
      "resolved": "https://registry.npmjs.org/end-of-stream/-/end-of-stream-1.4.4.tgz",
      "integrity": "sha512-+uw1inIHVPQoaVuHzRyXd21icM+cnt4CzD5rW+NC1wjOUSTOs+Te7FOv7AhN7vS9x/oIyhLP5PR1H+phQAHu5Q==",
      "requires": {
        "once": "^1.4.0"
      }
    },
    "fs-extra": {
      "version": "8.1.0",
      "resolved": "https://registry.npmjs.org/fs-extra/-/fs-extra-8.1.0.tgz",
      "integrity": "sha512-yhlQgA6mnOJUKOsRUFsgJdQCvkKhcz8tlZG5HBQfReYZy46OwLcY+Zia0mtdHsOo9y/hP+CxMN0TU9QxoOtG4g==",
      "dev": true,
      "requires": {
        "graceful-fs": "^4.2.0",
        "jsonfile": "^4.0.0",
        "universalify": "^0.1.0"
      }
    },
    "fs.realpath": {
      "version": "1.0.0",
      "resolved": "https://registry.npmjs.org/fs.realpath/-/fs.realpath-1.0.0.tgz",
      "integrity": "sha512-OO0pH2lK6a0hZnAdau5ItzHPI6pUlvI7jMVnxUQRtw4owF2wk8lOSabtGDCTP4Ggrg2MbGnWO9X8K1t4+fGMDw==",
      "dev": true
    },
    "generic-pool": {
      "version": "3.8.2",
      "resolved": "https://registry.npmjs.org/generic-pool/-/generic-pool-3.8.2.tgz",
      "integrity": "sha512-nGToKy6p3PAbYQ7p1UlWl6vSPwfwU6TMSWK7TTu+WUY4ZjyZQGniGGt2oNVvyNSpyZYSB43zMXVLcBm08MTMkg=="
    },
    "get-stream": {
      "version": "5.2.0",
      "resolved": "https://registry.npmjs.org/get-stream/-/get-stream-5.2.0.tgz",
      "integrity": "sha512-nBF+F1rAZVCu/p7rjzgA+Yb4lfYXrpl7a6VmJrU8wF9I1CKvP/QwPNZHnOlwbTkY6dvtFIzFMSyQXbLoTQPRpA==",
      "requires": {
        "pump": "^3.0.0"
      }
    },
    "glob": {
      "version": "7.2.3",
      "resolved": "https://registry.npmjs.org/glob/-/glob-7.2.3.tgz",
      "integrity": "sha512-nFR0zLpU2YCaRxwoCJvL6UvCH2JFyFVIvwTLsIf21AuHlMskA1hhTdk+LlYJtOlYt9v6dvszD2BGRqBL+iQK9Q==",
      "dev": true,
      "requires": {
        "fs.realpath": "^1.0.0",
        "inflight": "^1.0.4",
        "inherits": "2",
        "minimatch": "^3.1.1",
        "once": "^1.3.0",
        "path-is-absolute": "^1.0.0"
      }
    },
    "got": {
      "version": "11.8.5",
      "resolved": "https://registry.npmjs.org/got/-/got-11.8.5.tgz",
      "integrity": "sha512-o0Je4NvQObAuZPHLFoRSkdG2lTgtcynqymzg2Vupdx6PorhaT5MCbIyXG6d4D94kk8ZG57QeosgdiqfJWhEhlQ==",
      "requires": {
        "@sindresorhus/is": "^4.0.0",
        "@szmarczak/http-timer": "^4.0.5",
        "@types/cacheable-request": "^6.0.1",
        "@types/responselike": "^1.0.0",
        "cacheable-lookup": "^5.0.3",
        "cacheable-request": "^7.0.2",
        "decompress-response": "^6.0.0",
        "http2-wrapper": "^1.0.0-beta.5.2",
        "lowercase-keys": "^2.0.0",
        "p-cancelable": "^2.0.0",
        "responselike": "^2.0.0"
      }
    },
    "graceful-fs": {
      "version": "4.2.10",
      "resolved": "https://registry.npmjs.org/graceful-fs/-/graceful-fs-4.2.10.tgz",
      "integrity": "sha512-9ByhssR2fPVsNZj478qUUbKfmL0+t5BDVyjShtyZZLiK7ZDAArFFfopyOTj0M05wE2tJPisA4iTnnXl2YoPvOA==",
      "dev": true
    },
    "http-cache-semantics": {
      "version": "4.1.0",
      "resolved": "https://registry.npmjs.org/http-cache-semantics/-/http-cache-semantics-4.1.0.tgz",
      "integrity": "sha512-carPklcUh7ROWRK7Cv27RPtdhYhUsela/ue5/jKzjegVvXDqM2ILE9Q2BGn9JZJh1g87cp56su/FgQSzcWS8cQ=="
    },
    "http2-wrapper": {
      "version": "1.0.3",
      "resolved": "https://registry.npmjs.org/http2-wrapper/-/http2-wrapper-1.0.3.tgz",
      "integrity": "sha512-V+23sDMr12Wnz7iTcDeJr3O6AIxlnvT/bmaAAAP/Xda35C90p9599p0F1eHR/N1KILWSoWVAiOMFjBBXaXSMxg==",
      "requires": {
        "quick-lru": "^5.1.1",
        "resolve-alpn": "^1.0.0"
      }
    },
    "inflight": {
      "version": "1.0.6",
      "resolved": "https://registry.npmjs.org/inflight/-/inflight-1.0.6.tgz",
      "integrity": "sha512-k92I/b08q4wvFscXCLvqfsHCrjrF7yiXsQuIVvVE7N82W3+aqpzuUdBbfhWcy/FZR3/4IgflMgKLOsvPDrGCJA==",
      "dev": true,
      "requires": {
        "once": "^1.3.0",
        "wrappy": "1"
      }
    },
    "inherits": {
      "version": "2.0.4",
      "resolved": "https://registry.npmjs.org/inherits/-/inherits-2.0.4.tgz",
      "integrity": "sha512-k/vGaX4/Yla3WzyMCvTQOXYeIHvqOKtnqBduzTHpzpQZzAskKMhZ2K+EnBiSM9zGSoIFeMpXKxa4dYeZIQqewQ==",
      "dev": true
    },
    "isomorphic-ws": {
      "version": "4.0.1",
      "resolved": "https://registry.npmjs.org/isomorphic-ws/-/isomorphic-ws-4.0.1.tgz",
      "integrity": "sha512-BhBvN2MBpWTaSHdWRb/bwdZJ1WaehQ2L1KngkCkfLUGF0mAWAT1sQUQacEmQ0jXkFw/czDXPNQSL5u2/Krsz1w==",
      "requires": {}
    },
    "json-buffer": {
      "version": "3.0.1",
      "resolved": "https://registry.npmjs.org/json-buffer/-/json-buffer-3.0.1.tgz",
      "integrity": "sha512-4bV5BfR2mqfQTJm+V5tPPdf+ZpuhiIvTuAB5g8kcrXOZpTT/QwwVRWBywX1ozr6lEuPdbHxwaJlm9G6mI2sfSQ=="
    },
    "jsonfile": {
      "version": "4.0.0",
      "resolved": "https://registry.npmjs.org/jsonfile/-/jsonfile-4.0.0.tgz",
      "integrity": "sha512-m6F1R3z8jjlf2imQHS2Qez5sjKWQzbuuhuJ/FKYFRZvPE3PuHcSMVZzfsLhGVOkfd20obL5SWEBew5ShlquNxg==",
      "dev": true,
      "requires": {
        "graceful-fs": "^4.1.6"
      }
    },
    "keyv": {
      "version": "4.3.3",
      "resolved": "https://registry.npmjs.org/keyv/-/keyv-4.3.3.tgz",
      "integrity": "sha512-AcysI17RvakTh8ir03+a3zJr5r0ovnAH/XTXei/4HIv3bL2K/jzvgivLK9UuI/JbU1aJjM3NSAnVvVVd3n+4DQ==",
      "requires": {
        "compress-brotli": "^1.3.8",
        "json-buffer": "3.0.1"
      }
    },
    "lodash": {
      "version": "4.17.21",
      "resolved": "https://registry.npmjs.org/lodash/-/lodash-4.17.21.tgz",
      "integrity": "sha512-v2kDEe57lecTulaDIuNTPy3Ry4gLGJ6Z1O3vE1krgXZNrsQ+LFTGHVxVjcXPs17LhbZVGedAJv8XZ1tvj5FvSg==",
      "peer": true
    },
    "lowercase-keys": {
      "version": "2.0.0",
      "resolved": "https://registry.npmjs.org/lowercase-keys/-/lowercase-keys-2.0.0.tgz",
      "integrity": "sha512-tqNXrS78oMOE73NMxK4EMLQsQowWf8jKooH9g7xPavRT706R6bkQJ6DY2Te7QukaZsulxa30wQ7bk0pm4XiHmA=="
    },
    "mimic-response": {
      "version": "1.0.1",
      "resolved": "https://registry.npmjs.org/mimic-response/-/mimic-response-1.0.1.tgz",
      "integrity": "sha512-j5EctnkH7amfV/q5Hgmoal1g2QHFJRraOtmx0JpIqkxhBhI/lJSl1nMpQ45hVarwNETOoWEimndZ4QK0RHxuxQ=="
    },
    "minimatch": {
      "version": "3.1.2",
      "resolved": "https://registry.npmjs.org/minimatch/-/minimatch-3.1.2.tgz",
      "integrity": "sha512-J7p63hRiAjw1NDEww1W7i37+ByIrOWO5XQQAzZ3VOcL0PNybwpfmV/N05zFAzwQ9USyEcX6t3UO+K5aqBQOIHw==",
      "dev": true,
      "requires": {
        "brace-expansion": "^1.1.7"
      }
    },
    "node-int64": {
      "version": "0.4.0",
      "resolved": "https://registry.npmjs.org/node-int64/-/node-int64-0.4.0.tgz",
      "integrity": "sha512-O5lz91xSOeoXP6DulyHfllpq+Eg00MWitZIbtPfoSEvqIHdl5gfcY6hYzDWnj0qD5tz52PI08u9qUvSVeUBeHw=="
    },
    "normalize-url": {
      "version": "6.1.0",
      "resolved": "https://registry.npmjs.org/normalize-url/-/normalize-url-6.1.0.tgz",
      "integrity": "sha512-DlL+XwOy3NxAQ8xuC0okPgK46iuVNAK01YN7RueYBqqFeGsBjV9XmCAzAdgt+667bCl5kPh9EqKKDwnaPG1I7A=="
    },
    "once": {
      "version": "1.4.0",
      "resolved": "https://registry.npmjs.org/once/-/once-1.4.0.tgz",
      "integrity": "sha512-lNaJgI+2Q5URQBkccEKHTQOPaXdUxnZZElQTZY0MFUAuaEqe1E+Nyvgdz/aIyNi6Z9MzO5dv1H8n58/GELp3+w==",
      "requires": {
        "wrappy": "1"
      }
    },
    "p-cancelable": {
      "version": "2.1.1",
      "resolved": "https://registry.npmjs.org/p-cancelable/-/p-cancelable-2.1.1.tgz",
      "integrity": "sha512-BZOr3nRQHOntUjTrH8+Lh54smKHoHyur8We1V8DSMVrl5A2malOOwuJRnKRDjSnkoeBh4at6BwEnb5I7Jl31wg=="
    },
    "path-is-absolute": {
      "version": "1.0.1",
      "resolved": "https://registry.npmjs.org/path-is-absolute/-/path-is-absolute-1.0.1.tgz",
      "integrity": "sha512-AVbw3UJ2e9bq64vSaS9Am0fje1Pa8pbGqTTsmXfaIiMpnr5DlDhfJOuLj9Sf95ZPVDAUerDfEk88MPmPe7UCQg==",
      "dev": true
    },
    "pump": {
      "version": "3.0.0",
      "resolved": "https://registry.npmjs.org/pump/-/pump-3.0.0.tgz",
      "integrity": "sha512-LwZy+p3SFs1Pytd/jYct4wpv49HiYCqd9Rlc5ZVdk0V+8Yzv6jR5Blk3TRmPL1ft69TxP0IMZGJ+WPFU2BFhww==",
      "requires": {
        "end-of-stream": "^1.1.0",
        "once": "^1.3.1"
      }
    },
    "q": {
      "version": "1.5.1",
      "resolved": "https://registry.npmjs.org/q/-/q-1.5.1.tgz",
      "integrity": "sha512-kV/CThkXo6xyFEZUugw/+pIOywXcDbFYgSct5cT3gqlbkBE1SJdwy6UQoZvodiWF/ckQLZyDE/Bu1M6gVu5lVw=="
    },
    "quick-lru": {
      "version": "5.1.1",
      "resolved": "https://registry.npmjs.org/quick-lru/-/quick-lru-5.1.1.tgz",
      "integrity": "sha512-WuyALRjWPDGtt/wzJiadO5AXY+8hZ80hVpe6MyivgraREW751X3SbhRvG3eLKOYN+8VEvqLcf3wdnt44Z4S4SA=="
    },
    "resolve-alpn": {
      "version": "1.2.1",
      "resolved": "https://registry.npmjs.org/resolve-alpn/-/resolve-alpn-1.2.1.tgz",
      "integrity": "sha512-0a1F4l73/ZFZOakJnQ3FvkJ2+gSTQWz/r2KE5OdDY0TxPm5h4GkqkWWfM47T7HsbnOtcJVEF4epCVy6u7Q3K+g=="
    },
    "responselike": {
      "version": "2.0.1",
      "resolved": "https://registry.npmjs.org/responselike/-/responselike-2.0.1.tgz",
      "integrity": "sha512-4gl03wn3hj1HP3yzgdI7d3lCkF95F21Pz4BPGvKHinyQzALR5CapwC8yIi0Rh58DEMQ/SguC03wFj2k0M/mHhw==",
      "requires": {
        "lowercase-keys": "^2.0.0"
      }
    },
    "thrift": {
      "version": "0.16.0",
      "resolved": "https://registry.npmjs.org/thrift/-/thrift-0.16.0.tgz",
      "integrity": "sha512-W8DpGyTPlIaK3f+e1XOCLxefaUWXtrOXAaVIDbfYhmVyriYeAKgsBVFNJUV1F9SQ2SPt2sG44AZQxSGwGj/3VA==",
      "requires": {
        "browser-or-node": "^1.2.1",
        "isomorphic-ws": "^4.0.1",
        "node-int64": "^0.4.0",
        "q": "^1.5.0",
        "ws": "^5.2.3"
      }
    },
    "typescript": {
      "version": "4.7.4",
      "resolved": "https://registry.npmjs.org/typescript/-/typescript-4.7.4.tgz",
      "integrity": "sha512-C0WQT0gezHuw6AdY1M2jxUO83Rjf0HP7Sk1DtXj6j1EwkQNZrHAg2XPWlq62oqEhYvONq5pkC2Y9oPljWToLmQ==",
      "dev": true
    },
    "universalify": {
      "version": "0.1.2",
      "resolved": "https://registry.npmjs.org/universalify/-/universalify-0.1.2.tgz",
      "integrity": "sha512-rBJeI5CXAlmy1pV+617WB9J63U6XcazHHF2f2dbJix4XzpUF0RS3Zbj0FGIOCAva5P/d/GBOYaACQ1w+0azUkg==",
      "dev": true
    },
    "wrappy": {
      "version": "1.0.2",
      "resolved": "https://registry.npmjs.org/wrappy/-/wrappy-1.0.2.tgz",
      "integrity": "sha512-l4Sp/DRseor9wL6EvV2+TuQn63dMkPjZ/sp9XkghTEbV9KlPS1xUsZ3u7/IQO4wxtcFB4bgpQPRcR3QCvezPcQ=="
    },
    "ws": {
      "version": "5.2.3",
      "resolved": "https://registry.npmjs.org/ws/-/ws-5.2.3.tgz",
      "integrity": "sha512-jZArVERrMsKUatIdnLzqvcfydI85dvd/Fp1u/VOpfdDWQ4c9qWXe+VIeAbQ5FrDwciAkr+lzofXLz3Kuf26AOA==",
      "requires": {
        "async-limiter": "~1.0.0"
      }
    }
  }
}
